
Microsoft Visual Studio Solution File, Format Version 12.00
# Visual Studio 15
VisualStudioVersion = 15.0.27428.2002
MinimumVisualStudioVersion = 10.0.40219.1
Project("{FAE04EC0-301F-11D3-BF4B-00C04F79EFBC}") = "WpfApp1", "WpfApp1.csproj", "{B95509F9-6B7D-44ED-A13F-E00E0F151F67}"
EndProject
Global
	GlobalSection(SolutionConfigurationPlatforms) = preSolution
		Debug|Any CPU = Debug|Any CPU
		Release|Any CPU = Release|Any CPU
	EndGlobalSection
	GlobalSection(ProjectConfigurationPlatforms) = postSolution
		{B95509F9-6B7D-44ED-A13F-E00E0F151F67}.Debug|Any CPU.ActiveCfg = Debug|Any CPU
		{B95509F9-6B7D-44ED-A13F-E00E0F151F67}.Debug|Any CPU.Build.0 = Debug|Any CPU
		{B95509F9-6B7D-44ED-A13F-E00E0F151F67}.Release|Any CPU.ActiveCfg = Release|Any CPU
		{B95509F9-6B7D-44ED-A13F-E00E0F151F67}.Release|Any CPU.Build.0 = Release|Any CPU
	EndGlobalSection
	GlobalSection(SolutionProperties) = preSolution
		HideSolutionNode = FALSE
	EndGlobalSection
	GlobalSection(ExtensibilityGlobals) = postSolution
		SolutionGuid = {63D96A09-91E4-4461-A69D-04BC1040B5C5}
	EndGlobalSection
EndGlobal
